
Microsoft Visual Studio Solution File, Format Version 12.00
# Visual Studio 14
VisualStudioVersion = 14.0.23107.0
MinimumVisualStudioVersion = 10.0.40219.1
Project("{FAE04EC0-301F-11D3-BF4B-00C04F79EFBC}") = "FormulaEditor", "FormulaEditor\FormulaEditor.csproj", "{B8F079A1-EFAE-403E-9237-B9FF8E6F3C67}"
EndProject
Project("{FAE04EC0-301F-11D3-BF4B-00C04F79EFBC}") = "FormulaEditor.Core", "FormulaEditor.Core\FormulaEditor.Core.csproj", "{33E2DD11-49AD-4BC2-90E4-485B60116BFC}"
EndProject
Project("{FAE04EC0-301F-11D3-BF4B-00C04F79EFBC}") = "FormulaEditor.Utils", "FormulaEditor.Utils\FormulaEditor.Utils.csproj", "{50341D40-3F5E-4A6C-8216-2CEF9367F850}"
EndProject
Project("{FAE04EC0-301F-11D3-BF4B-00C04F79EFBC}") = "FormulaEditor.Model", "FormulaEditor.Data\FormulaEditor.Model.csproj", "{4CDC7621-24BB-4112-8063-4A00965D9EFF}"
EndProject
Project("{FAE04EC0-301F-11D3-BF4B-00C04F79EFBC}") = "Common.Wfcl", "Common.Wfcl\Common.Wfcl.csproj", "{824E52C6-F9DA-4358-A2DB-81F3C9B83526}"
EndProject
Global
	GlobalSection(SolutionConfigurationPlatforms) = preSolution
		Debug|Any CPU = Debug|Any CPU
		Release|Any CPU = Release|Any CPU
	EndGlobalSection
	GlobalSection(ProjectConfigurationPlatforms) = postSolution
		{B8F079A1-EFAE-403E-9237-B9FF8E6F3C67}.Debug|Any CPU.ActiveCfg = Debug|Any CPU
		{B8F079A1-EFAE-403E-9237-B9FF8E6F3C67}.Debug|Any CPU.Build.0 = Debug|Any CPU
		{B8F079A1-EFAE-403E-9237-B9FF8E6F3C67}.Release|Any CPU.ActiveCfg = Release|Any CPU
		{B8F079A1-EFAE-403E-9237-B9FF8E6F3C67}.Release|Any CPU.Build.0 = Release|Any CPU
		{33E2DD11-49AD-4BC2-90E4-485B60116BFC}.Debug|Any CPU.ActiveCfg = Debug|Any CPU
		{33E2DD11-49AD-4BC2-90E4-485B60116BFC}.Debug|Any CPU.Build.0 = Debug|Any CPU
		{33E2DD11-49AD-4BC2-90E4-485B60116BFC}.Release|Any CPU.ActiveCfg = Release|Any CPU
		{33E2DD11-49AD-4BC2-90E4-485B60116BFC}.Release|Any CPU.Build.0 = Release|Any CPU
		{50341D40-3F5E-4A6C-8216-2CEF9367F850}.Debug|Any CPU.ActiveCfg = Debug|Any CPU
		{50341D40-3F5E-4A6C-8216-2CEF9367F850}.Debug|Any CPU.Build.0 = Debug|Any CPU
		{50341D40-3F5E-4A6C-8216-2CEF9367F850}.Release|Any CPU.ActiveCfg = Release|Any CPU
		{50341D40-3F5E-4A6C-8216-2CEF9367F850}.Release|Any CPU.Build.0 = Release|Any CPU
		{4CDC7621-24BB-4112-8063-4A00965D9EFF}.Debug|Any CPU.ActiveCfg = Debug|Any CPU
		{4CDC7621-24BB-4112-8063-4A00965D9EFF}.Debug|Any CPU.Build.0 = Debug|Any CPU
		{4CDC7621-24BB-4112-8063-4A00965D9EFF}.Release|Any CPU.ActiveCfg = Release|Any CPU
		{4CDC7621-24BB-4112-8063-4A00965D9EFF}.Release|Any CPU.Build.0 = Release|Any CPU
		{824E52C6-F9DA-4358-A2DB-81F3C9B83526}.Debug|Any CPU.ActiveCfg = Debug|Any CPU
		{824E52C6-F9DA-4358-A2DB-81F3C9B83526}.Debug|Any CPU.Build.0 = Debug|Any CPU
		{824E52C6-F9DA-4358-A2DB-81F3C9B83526}.Release|Any CPU.ActiveCfg = Release|Any CPU
		{824E52C6-F9DA-4358-A2DB-81F3C9B83526}.Release|Any CPU.Build.0 = Release|Any CPU
	EndGlobalSection
	GlobalSection(SolutionProperties) = preSolution
		HideSolutionNode = FALSE
	EndGlobalSection
EndGlobal
